// !$*UTF8*$!
{
	archiveVersion = 1;
	classes = {
	};
	objectVersion = 50;
	objects = {

/* Begin PBXBuildFile section */
		DC55C0F9233E8060006A149F /* AppDelegate.swift in Sources */ = {isa = PBXBuildFile; fileRef = DC55C0F8233E8060006A149F /* AppDelegate.swift */; };
		DC55C0FB233E8060006A149F /* ViewController.swift in Sources */ = {isa = PBXBuildFile; fileRef = DC55C0FA233E8060006A149F /* ViewController.swift */; };
		DC55C0FE233E8060006A149F /* Main.storyboard in Resources */ = {isa = PBXBuildFile; fileRef = DC55C0FC233E8060006A149F /* Main.storyboard */; };
		DC55C100233E8061006A149F /* Assets.xcassets in Resources */ = {isa = PBXBuildFile; fileRef = DC55C0FF233E8061006A149F /* Assets.xcassets */; };
		DC55C103233E8061006A149F /* LaunchScreen.storyboard in Resources */ = {isa = PBXBuildFile; fileRef = DC55C101233E8061006A149F /* LaunchScreen.storyboard */; };
		DC55C10D233E8187006A149F /* CollectionviewTableCell.swift in Sources */ = {isa = PBXBuildFile; fileRef = DC55C10B233E8187006A149F /* CollectionviewTableCell.swift */; };
		DC55C10E233E8187006A149F /* CollectionviewTableCell.xib in Resources */ = {isa = PBXBuildFile; fileRef = DC55C10C233E8187006A149F /* CollectionviewTableCell.xib */; };
		DC55C111233E81E2006A149F /* GalleryCollectionViewCell.swift in Sources */ = {isa = PBXBuildFile; fileRef = DC55C10F233E81E2006A149F /* GalleryCollectionViewCell.swift */; };
		DC55C112233E81E2006A149F /* GalleryCollectionViewCell.xib in Resources */ = {isa = PBXBuildFile; fileRef = DC55C110233E81E2006A149F /* GalleryCollectionViewCell.xib */; };
/* End PBXBuildFile section */

/* Begin PBXFileReference section */
		DC55C0F5233E8060006A149F /* UICollectionViewInsideUitableViewCell.app */ = {isa = PBXFileReference; explicitFileType = wrapper.application; includeInIndex = 0; path = UICollectionViewInsideUitableViewCell.app; sourceTree = BUILT_PRODUCTS_DIR; };
		DC55C0F8233E8060006A149F /* AppDelegate.swift */ = {isa = PBXFileReference; lastKnownFileType = sourcecode.swift; path = AppDelegate.swift; sourceTree = "<group>"; };
		DC55C0FA233E8060006A149F /* ViewController.swift */ = {isa = PBXFileReference; lastKnownFileType = sourcecode.swift; path = ViewController.swift; sourceTree = "<group>"; };
		DC55C0FD233E8060006A149F /* Base */ = {isa = PBXFileReference; lastKnownFileType = file.storyboard; name = Base; path = Base.lproj/Main.storyboard; sourceTree = "<group>"; };
		DC55C0FF233E8061006A149F /* Assets.xcassets */ = {isa = PBXFileReference; lastKnownFileType = folder.assetcatalog; path = Assets.xcassets; sourceTree = "<group>"; };
		DC55C102233E8061006A149F /* Base */ = {isa = PBXFileReference; lastKnownFileType = file.storyboard; name = Base; path = Base.lproj/LaunchScreen.storyboard; sourceTree = "<group>"; };
		DC55C104233E8061006A149F /* Info.plist */ = {isa = PBXFileReference; lastKnownFileType = text.plist.xml; path = Info.plist; sourceTree = "<group>"; };
		DC55C10B233E8187006A149F /* CollectionviewTableCell.swift */ = {isa = PBXFileReference; lastKnownFileType = sourcecode.swift; path = CollectionviewTableCell.swift; sourceTree = "<group>"; };
		DC55C10C233E8187006A149F /* CollectionviewTableCell.xib */ = {isa = PBXFileReference; lastKnownFileType = file.xib; path = CollectionviewTableCell.xib; sourceTree = "<group>"; };
		DC55C10F233E81E2006A149F /* GalleryCollectionViewCell.swift */ = {isa = PBXFileReference; lastKnownFileType = sourcecode.swift; path = GalleryCollectionViewCell.swift; sourceTree = "<group>"; };
		DC55C110233E81E2006A149F /* GalleryCollectionViewCell.xib */ = {isa = PBXFileReference; lastKnownFileType = file.xib; path = GalleryCollectionViewCell.xib; sourceTree = "<group>"; };
/* End PBXFileReference section */

/* Begin PBXFrameworksBuildPhase section */
		DC55C0F2233E8060006A149F /* Frameworks */ = {
			isa = PBXFrameworksBuildPhase;
			buildActionMask = 2147483647;
			files = (
			);
			runOnlyForDeploymentPostprocessing = 0;
		};
/* End PBXFrameworksBuildPhase section */

/* Begin PBXGroup section */
		DC55C0EC233E8060006A149F = {
			isa = PBXGroup;
			children = (
				DC55C0F7233E8060006A149F /* UICollectionViewInsideUitableViewCell */,
				DC55C0F6233E8060006A149F /* Products */,
			);
			sourceTree = "<group>";
		};
		DC55C0F6233E8060006A149F /* Products */ = {
			isa = PBXGroup;
			children = (
				DC55C0F5233E8060006A149F /* UICollectionViewInsideUitableViewCell.app */,
			);
			name = Products;
			sourceTree = "<group>";
		};
		DC55C0F7233E8060006A149F /* UICollectionViewInsideUitableViewCell */ = {
			isa = PBXGroup;
			children = (
				DC55C10A233E816B006A149F /* CollectionviewTableCell */,
				DC55C0F8233E8060006A149F /* AppDelegate.swift */,
				DC55C0FA233E8060006A149F /* ViewController.swift */,
				DC55C0FC233E8060006A149F /* Main.storyboard */,
				DC55C0FF233E8061006A149F /* Assets.xcassets */,
				DC55C101233E8061006A149F /* LaunchScreen.storyboard */,
				DC55C104233E8061006A149F /* Info.plist */,
			);
			path = UICollectionViewInsideUitableViewCell;
			sourceTree = "<group>";
		};
		DC55C10A233E816B006A149F /* CollectionviewTableCell */ = {
			isa = PBXGroup;
			children = (
				DC55C10B233E8187006A149F /* CollectionviewTableCell.swift */,
				DC55C10C233E8187006A149F /* CollectionviewTableCell.xib */,
				DC55C10F233E81E2006A149F /* GalleryCollectionViewCell.swift */,
				DC55C110233E81E2006A149F /* GalleryCollectionViewCell.xib */,
			);
			path = CollectionviewTableCell;
			sourceTree = "<group>";
		};
/* End PBXGroup section */

/* Begin PBXNativeTarget section */
		DC55C0F4233E8060006A149F /* UICollectionViewInsideUitableViewCell */ = {
			isa = PBXNativeTarget;
			buildConfigurationList = DC55C107233E8061006A149F /* Build configuration list for PBXNativeTarget "UICollectionViewInsideUitableViewCell" */;
			buildPhases = (
				DC55C0F1233E8060006A149F /* Sources */,
				DC55C0F2233E8060006A149F /* Frameworks */,
				DC55C0F3233E8060006A149F /* Resources */,
			);
			buildRules = (
			);
			dependencies = (
			);
			name = UICollectionViewInsideUitableViewCell;
			productName = UICollectionViewInsideUitableViewCell;
			productReference = DC55C0F5233E8060006A149F /* UICollectionViewInsideUitableViewCell.app */;
			productType = "com.apple.product-type.application";
		};
/* End PBXNativeTarget section */

/* Begin PBXProject section */
		DC55C0ED233E8060006A149F /* Project object */ = {
			isa = PBXProject;
			attributes = {
				LastSwiftUpdateCheck = 1020;
				LastUpgradeCheck = 1020;
				ORGANIZATIONNAME = "Aman Aggarwal";
				TargetAttributes = {
					DC55C0F4233E8060006A149F = {
						CreatedOnToolsVersion = 10.2;
					};
				};
			};
			buildConfigurationList = DC55C0F0233E8060006A149F /* Build configuration list for PBXProject "UICollectionViewInsideUitableViewCell" */;
			compatibilityVersion = "Xcode 9.3";
			developmentRegion = en;
			hasScannedForEncodings = 0;
			knownRegions = (
				en,
				Base,
			);
			mainGroup = DC55C0EC233E8060006A149F;
			productRefGroup = DC55C0F6233E8060006A149F /* Products */;
			projectDirPath = "";
			projectRoot = "";
			targets = (
				DC55C0F4233E8060006A149F /* UICollectionViewInsideUitableViewCell */,
			);
		};
/* End PBXProject section */

/* Begin PBXResourcesBuildPhase section */
		DC55C0F3233E8060006A149F /* Resources */ = {
			isa = PBXResourcesBuildPhase;
			buildActionMask = 2147483647;
			files = (
				DC55C103233E8061006A149F /* LaunchScreen.storyboard in Resources */,
				DC55C100233E8061006A149F /* Assets.xcassets in Resources */,
				DC55C0FE233E8060006A149F /* Main.storyboard in Resources */,
				DC55C112233E81E2006A149F /* GalleryCollectionViewCell.xib in Resources */,
				DC55C10E233E8187006A149F /* CollectionviewTableCell.xib in Resources */,
			);
			runOnlyForDeploymentPostprocessing = 0;
		};
/* End PBXResourcesBuildPhase section */

/* Begin PBXSourcesBuildPhase section */
		DC55C0F1233E8060006A149F /* Sources */ = {
			isa = PBXSourcesBuildPhase;
			buildActionMask = 2147483647;
			files = (
				DC55C0FB233E8060006A149F /* ViewController.swift in Sources */,
				DC55C111233E81E2006A149F /* GalleryCollectionViewCell.swift in Sources */,
				DC55C10D233E8187006A149F /* CollectionviewTableCell.swift in Sources */,
				DC55C0F9233E8060006A149F /* AppDelegate.swift in Sources */,
			);
			runOnlyForDeploymentPostprocessing = 0;
		};
/* End PBXSourcesBuildPhase section */

/* Begin PBXVariantGroup section */
		DC55C0FC233E8060006A149F /* Main.storyboard */ = {
			isa = PBXVariantGroup;
			children = (
				DC55C0FD233E8060006A149F /* Base */,
			);
			name = Main.storyboard;
			sourceTree = "<group>";
		};
		DC55C101233E8061006A149F /* LaunchScreen.storyboard */ = {
			isa = PBXVariantGroup;
			children = (
				DC55C102233E8061006A149F /* Base */,
			);
			name = LaunchScreen.storyboard;
			sourceTree = "<group>";
		};
/* End PBXVariantGroup section */

/* Begin XCBuildConfiguration section */
		DC55C105233E8061006A149F /* Debug */ = {
			isa = XCBuildConfiguration;
			buildSettings = {
				ALWAYS_SEARCH_USER_PATHS = NO;
				CLANG_ANALYZER_NONNULL = YES;
				CLANG_ANALYZER_NUMBER_OBJECT_CONVERSION = YES_AGGRESSIVE;
				CLANG_CXX_LANGUAGE_STANDARD = "gnu++14";
				CLANG_CXX_LIBRARY = "libc++";
				CLANG_ENABLE_MODULES = YES;
				CLANG_ENABLE_OBJC_ARC = YES;
				CLANG_ENABLE_OBJC_WEAK = YES;
				CLANG_WARN_BLOCK_CAPTURE_AUTORELEASING = YES;
				CLANG_WARN_BOOL_CONVERSION = YES;
				CLANG_WARN_COMMA = YES;
				CLANG_WARN_CONSTANT_CONVERSION = YES;
				CLANG_WARN_DEPRECATED_OBJC_IMPLEMENTATIONS = YES;
				CLANG_WARN_DIRECT_OBJC_ISA_USAGE = YES_ERROR;
				CLANG_WARN_DOCUMENTATION_COMMENTS = YES;
				CLANG_WARN_EMPTY_BODY = YES;
				CLANG_WARN_ENUM_CONVERSION = YES;
				CLANG_WARN_INFINITE_RECURSION = YES;
				CLANG_WARN_INT_CONVERSION = YES;
				CLANG_WARN_NON_LITERAL_NULL_CONVERSION = YES;
				CLANG_WARN_OBJC_IMPLICIT_RETAIN_SELF = YES;
				CLANG_WARN_OBJC_LITERAL_CONVERSION = YES;
				CLANG_WARN_OBJC_ROOT_CLASS = YES_ERROR;
				CLANG_WARN_RANGE_LOOP_ANALYSIS = YES;
				CLANG_WARN_STRICT_PROTOTYPES = YES;
				CLANG_WARN_SUSPICIOUS_MOVE = YES;
				CLANG_WARN_UNGUARDED_AVAILABILITY = YES_AGGRESSIVE;
				CLANG_WARN_UNREACHABLE_CODE = YES;
				CLANG_WARN__DUPLICATE_METHOD_MATCH = YES;
				CODE_SIGN_IDENTITY = "iPhone Developer";
				COPY_PHASE_STRIP = NO;
				DEBUG_INFORMATION_FORMAT = dwarf;
				ENABLE_STRICT_OBJC_MSGSEND = YES;
				ENABLE_TESTABILITY = YES;
				GCC_C_LANGUAGE_STANDARD = gnu11;
				GCC_DYNAMIC_NO_PIC = NO;
				GCC_NO_COMMON_BLOCKS = YES;
				GCC_OPTIMIZATION_LEVEL = 0;
				GCC_PREPROCESSOR_DEFINITIONS = (
					"DEBUG=1",
					"$(inherited)",
				);
				GCC_WARN_64_TO_32_BIT_CONVERSION = YES;
				GCC_WARN_ABOUT_RETURN_TYPE = YES_ERROR;
				GCC_WARN_UNDECLARED_SELECTOR = YES;
				GCC_WARN_UNINITIALIZED_AUTOS = YES_AGGRESSIVE;
				GCC_WARN_UNUSED_FUNCTION = YES;
				GCC_WARN_UNUSED_VARIABLE = YES;
				IPHONEOS_DEPLOYMENT_TARGET = 12.2;
				MTL_ENABLE_DEBUG_INFO = INCLUDE_SOURCE;
				MTL_FAST_MATH = YES;
				ONLY_ACTIVE_ARCH = YES;
				SDKROOT = iphoneos;
				SWIFT_ACTIVE_COMPILATION_CONDITIONS = DEBUG;
				SWIFT_OPTIMIZATION_LEVEL = "-Onone";
			};
			name = Debug;
		};
		DC55C106233E8061006A149F /* Release */ = {
			isa = XCBuildConfiguration;
			buildSettings = {
				ALWAYS_SEARCH_USER_PATHS = NO;
				CLANG_ANALYZER_NONNULL = YES;
				CLANG_ANALYZER_NUMBER_OBJECT_CONVERSION = YES_AGGRESSIVE;
				CLANG_CXX_LANGUAGE_STANDARD = "gnu++14";
				CLANG_CXX_LIBRARY = "libc++";
				CLANG_ENABLE_MODULES = YES;
				CLANG_ENABLE_OBJC_ARC = YES;
				CLANG_ENABLE_OBJC_WEAK = YES;
				CLANG_WARN_BLOCK_CAPTURE_AUTORELEASING = YES;
				CLANG_WARN_BOOL_CONVERSION = YES;
				CLANG_WARN_COMMA = YES;
				CLANG_WARN_CONSTANT_CONVERSION = YES;
				CLANG_WARN_DEPRECATED_OBJC_IMPLEMENTATIONS = YES;
				CLANG_WARN_DIRECT_OBJC_ISA_USAGE = YES_ERROR;
				CLANG_WARN_DOCUMENTATION_COMMENTS = YES;
				CLANG_WARN_EMPTY_BODY = YES;
				CLANG_WARN_ENUM_CONVERSION = YES;
				CLANG_WARN_INFINITE_RECURSION = YES;
				CLANG_WARN_INT_CONVERSION = YES;
				CLANG_WARN_NON_LITERAL_NULL_CONVERSION = YES;
				CLANG_WARN_OBJC_IMPLICIT_RETAIN_SELF = YES;
				CLANG_WARN_OBJC_LITERAL_CONVERSION = YES;
				CLANG_WARN_OBJC_ROOT_CLASS = YES_ERROR;
				CLANG_WARN_RANGE_LOOP_ANALYSIS = YES;
				CLANG_WARN_STRICT_PROTOTYPES = YES;
				CLANG_WARN_SUSPICIOUS_MOVE = YES;
				CLANG_WARN_UNGUARDED_AVAILABILITY = YES_AGGRESSIVE;
				CLANG_WARN_UNREACHABLE_CODE = YES;
				CLANG_WARN__DUPLICATE_METHOD_MATCH = YES;
				CODE_SIGN_IDENTITY = "iPhone Developer";
				COPY_PHASE_STRIP = NO;
				DEBUG_INFORMATION_FORMAT = "dwarf-with-dsym";
				ENABLE_NS_ASSERTIONS = NO;
				ENABLE_STRICT_OBJC_MSGSEND = YES;
				GCC_C_LANGUAGE_STANDARD = gnu11;
				GCC_NO_COMMON_BLOCKS = YES;
				GCC_WARN_64_TO_32_BIT_CONVERSION = YES;
				GCC_WARN_ABOUT_RETURN_TYPE = YES_ERROR;
				GCC_WARN_UNDECLARED_SELECTOR = YES;
				GCC_WARN_UNINITIALIZED_AUTOS = YES_AGGRESSIVE;
				GCC_WARN_UNUSED_FUNCTION = YES;
				GCC_WARN_UNUSED_VARIABLE = YES;
				IPHONEOS_DEPLOYMENT_TARGET = 12.2;
				MTL_ENABLE_DEBUG_INFO = NO;
				MTL_FAST_MATH = YES;
				SDKROOT = iphoneos;
				SWIFT_COMPILATION_MODE = wholemodule;
				SWIFT_OPTIMIZATION_LEVEL = "-O";
				VALIDATE_PRODUCT = YES;
			};
			name = Release;
		};
		DC55C108233E8061006A149F /* Debug */ = {
			isa = XCBuildConfiguration;
			buildSettings = {
				ASSETCATALOG_COMPILER_APPICON_NAME = AppIcon;
				CODE_SIGN_STYLE = Manual;
				DEVELOPMENT_TEAM = "";
				INFOPLIST_FILE = UICollectionViewInsideUitableViewCell/Info.plist;
				LD_RUNPATH_SEARCH_PATHS = (
					"$(inherited)",
					"@executable_path/Frameworks",
				);
				PRODUCT_BUNDLE_IDENTIFIER = com.iostutorialjunction.UICollectionViewInsideUitableViewCell;
				PRODUCT_NAME = "$(TARGET_NAME)";
				PROVISIONING_PROFILE_SPECIFIER = "";
				SWIFT_VERSION = 5.0;
				TARGETED_DEVICE_FAMILY = "1,2";
			};
			name = Debug;
		};
		DC55C109233E8061006A149F /* Release */ = {
			isa = XCBuildConfiguration;
			buildSettings = {
				ASSETCATALOG_COMPILER_APPICON_NAME = AppIcon;
				CODE_SIGN_STYLE = Manual;
				DEVELOPMENT_TEAM = "";
				INFOPLIST_FILE = UICollectionViewInsideUitableViewCell/Info.plist;
				LD_RUNPATH_SEARCH_PATHS = (
					"$(inherited)",
					"@executable_path/Frameworks",
				);
				PRODUCT_BUNDLE_IDENTIFIER = com.iostutorialjunction.UICollectionViewInsideUitableViewCell;
				PRODUCT_NAME = "$(TARGET_NAME)";
				PROVISIONING_PROFILE_SPECIFIER = "";
				SWIFT_VERSION = 5.0;
				TARGETED_DEVICE_FAMILY = "1,2";
			};
			name = Release;
		};
/* End XCBuildConfiguration section */

/* Begin XCConfigurationList section */
		DC55C0F0233E8060006A149F /* Build configuration list for PBXProject "UICollectionViewInsideUitableViewCell" */ = {
			isa = XCConfigurationList;
			buildConfigurations = (
				DC55C105233E8061006A149F /* Debug */,
				DC55C106233E8061006A149F /* Release */,
			);
			defaultConfigurationIsVisible = 0;
			defaultConfigurationName = Release;
		};
		DC55C107233E8061006A149F /* Build configuration list for PBXNativeTarget "UICollectionViewInsideUitableViewCell" */ = {
			isa = XCConfigurationList;
			buildConfigurations = (
				DC55C108233E8061006A149F /* Debug */,
				DC55C109233E8061006A149F /* Release */,
			);
			defaultConfigurationIsVisible = 0;
			defaultConfigurationName = Release;
		};
/* End XCConfigurationList section */
	};
	rootObject = DC55C0ED233E8060006A149F /* Project object */;
}
